version = 1
revision = 3
requires-python = ">=3.10"

[[package]]
name = "mxdev"
version = "5.1.0"
source = { registry = "https://pypi.org/simple" }
dependencies = [
    { name = "packaging" },
]
sdist = { url = "https://files.pythonhosted.org/packages/b6/86/9d9e57449d01a2cec0e1fa21ac509067276213c765961469e662ffbaa24f/mxdev-5.1.0.tar.gz", hash = "sha256:4ca8e9dd3f302d076f9cf150314c32426c4c21b365b8d25d533764585645270b", size = 76640, upload-time = "2025-11-03T14:28:44.441Z" }
wheels = [
    { url = "https://files.pythonhosted.org/packages/1e/09/e18fb80097004e36b6a8a62038d11ce5661f087132c02dd2aff751e2832f/mxdev-5.1.0-py3-none-any.whl", hash = "sha256:ed98e960bd23cb5c6ad99e807693cc915bc4f3f1a0d46291a813550e22e16113", size = 42377, upload-time = "2025-11-03T14:28:43.232Z" },
]

[[package]]
name = "mxdev-uv-pyproject-updater"
version = "0.1.0"
source = { editable = "." }
dependencies = [
    { name = "mxdev" },
    { name = "tomlkit" },
]

[package.metadata]
requires-dist = [
    { name = "mxdev", specifier = ">=3.0.0" },
    { name = "tomlkit", specifier = ">=0.12.0" },
]

[[package]]
name = "packaging"
version = "26.0"
source = { registry = "https://pypi.org/simple" }
sdist = { url = "https://files.pythonhosted.org/packages/65/ee/299d360cdc32edc7d2cf530f3accf79c4fca01e96ffc950d8a52213bd8e4/packaging-26.0.tar.gz", hash = "sha256:00243ae351a257117b6a241061796684b084ed1c516a08c48a3f7e147a9d80b4", size = 143416, upload-time = "2026-01-21T20:50:39.064Z" }
wheels = [
    { url = "https://files.pythonhosted.org/packages/b7/b9/c538f279a4e237a006a2c98387d081e9eb060d203d8ed34467cc0f0b9b53/packaging-26.0-py3-none-any.whl", hash = "sha256:b36f1fef9334a5588b4166f8bcd26a14e521f2b55e6b9de3aaa80d3ff7a37529", size = 74366, upload-time = "2026-01-21T20:50:37.788Z" },
]

[[package]]
name = "tomlkit"
version = "0.14.0"
source = { registry = "https://pypi.org/simple" }
sdist = { url = "https://files.pythonhosted.org/packages/c3/af/14b24e41977adb296d6bd1fb59402cf7d60ce364f90c890bd2ec65c43b5a/tomlkit-0.14.0.tar.gz", hash = "sha256:cf00efca415dbd57575befb1f6634c4f42d2d87dbba376128adb42c121b87064", size = 187167, upload-time = "2026-01-13T01:14:53.304Z" }
wheels = [
    { url = "https://files.pythonhosted.org/packages/b5/11/87d6d29fb5d237229d67973a6c9e06e048f01cf4994dee194ab0ea841814/tomlkit-0.14.0-py3-none-any.whl", hash = "sha256:592064ed85b40fa213469f81ac584f67a4f2992509a7c3ea2d632208623a3680", size = 39310, upload-time = "2026-01-13T01:14:51.965Z" },
]
